
Microsoft Visual Studio Solution File, Format Version 12.00
# Visual Studio 15
VisualStudioVersion = 15.0.28010.2016
MinimumVisualStudioVersion = 10.0.40219.1
Project("{FAE04EC0-301F-11D3-BF4B-00C04F79EFBC}") = "DotNetConfDemo.Android", "DotNetConfDemo\DotNetConfDemo.Android\DotNetConfDemo.Android.csproj", "{E29E6BBA-B18F-43BF-BBCE-022E8F24850E}"
EndProject
Project("{FAE04EC0-301F-11D3-BF4B-00C04F79EFBC}") = "DotNetConfDemo.iOS", "DotNetConfDemo\DotNetConfDemo.iOS\DotNetConfDemo.iOS.csproj", "{0C6CAF44-DD42-4C39-9759-34C9E6E76519}"
EndProject
Project("{FAE04EC0-301F-11D3-BF4B-00C04F79EFBC}") = "DotNetConfDemo.UWP", "DotNetConfDemo\DotNetConfDemo.UWP\DotNetConfDemo.UWP.csproj", "{71E84C53-0C24-4358-8115-E3C67728F318}"
EndProject
Project("{FAE04EC0-301F-11D3-BF4B-00C04F79EFBC}") = "DotNetConfDemo", "DotNetConfDemo\DotNetConfDemo\DotNetConfDemo.csproj", "{C34A5A02-314E-4427-BEDC-CC08F51FE3DD}"
EndProject
Global
	GlobalSection(SolutionConfigurationPlatforms) = preSolution
		Ad-Hoc|Any CPU = Ad-Hoc|Any CPU
		Ad-Hoc|ARM = Ad-Hoc|ARM
		Ad-Hoc|iPhone = Ad-Hoc|iPhone
		Ad-Hoc|iPhoneSimulator = Ad-Hoc|iPhoneSimulator
		Ad-Hoc|x64 = Ad-Hoc|x64
		Ad-Hoc|x86 = Ad-Hoc|x86
		AppStore|Any CPU = AppStore|Any CPU
		AppStore|ARM = AppStore|ARM
		AppStore|iPhone = AppStore|iPhone
		AppStore|iPhoneSimulator = AppStore|iPhoneSimulator
		AppStore|x64 = AppStore|x64
		AppStore|x86 = AppStore|x86
		Debug|Any CPU = Debug|Any CPU
		Debug|ARM = Debug|ARM
		Debug|iPhone = Debug|iPhone
		Debug|iPhoneSimulator = Debug|iPhoneSimulator
		Debug|x64 = Debug|x64
		Debug|x86 = Debug|x86
		Release|Any CPU = Release|Any CPU
		Release|ARM = Release|ARM
		Release|iPhone = Release|iPhone
		Release|iPhoneSimulator = Release|iPhoneSimulator
		Release|x64 = Release|x64
		Release|x86 = Release|x86
	EndGlobalSection
	GlobalSection(ProjectConfigurationPlatforms) = postSolution
		{E29E6BBA-B18F-43BF-BBCE-022E8F24850E}.Ad-Hoc|Any CPU.ActiveCfg = Release|Any CPU
		{E29E6BBA-B18F-43BF-BBCE-022E8F24850E}.Ad-Hoc|Any CPU.Build.0 = Release|Any CPU
		{E29E6BBA-B18F-43BF-BBCE-022E8F24850E}.Ad-Hoc|Any CPU.Deploy.0 = Release|Any CPU
		{E29E6BBA-B18F-43BF-BBCE-022E8F24850E}.Ad-Hoc|ARM.ActiveCfg = Release|Any CPU
		{E29E6BBA-B18F-43BF-BBCE-022E8F24850E}.Ad-Hoc|ARM.Build.0 = Release|Any CPU
		{E29E6BBA-B18F-43BF-BBCE-022E8F24850E}.Ad-Hoc|ARM.Deploy.0 = Release|Any CPU
		{E29E6BBA-B18F-43BF-BBCE-022E8F24850E}.Ad-Hoc|iPhone.ActiveCfg = Release|Any CPU
		{E29E6BBA-B18F-43BF-BBCE-022E8F24850E}.Ad-Hoc|iPhone.Build.0 = Release|Any CPU
		{E29E6BBA-B18F-43BF-BBCE-022E8F24850E}.Ad-Hoc|iPhone.Deploy.0 = Release|Any CPU
		{E29E6BBA-B18F-43BF-BBCE-022E8F24850E}.Ad-Hoc|iPhoneSimulator.ActiveCfg = Release|Any CPU
		{E29E6BBA-B18F-43BF-BBCE-022E8F24850E}.Ad-Hoc|iPhoneSimulator.Build.0 = Release|Any CPU
		{E29E6BBA-B18F-43BF-BBCE-022E8F24850E}.Ad-Hoc|iPhoneSimulator.Deploy.0 = Release|Any CPU
		{E29E6BBA-B18F-43BF-BBCE-022E8F24850E}.Ad-Hoc|x64.ActiveCfg = Release|Any CPU
		{E29E6BBA-B18F-43BF-BBCE-022E8F24850E}.Ad-Hoc|x64.Build.0 = Release|Any CPU
		{E29E6BBA-B18F-43BF-BBCE-022E8F24850E}.Ad-Hoc|x64.Deploy.0 = Release|Any CPU
		{E29E6BBA-B18F-43BF-BBCE-022E8F24850E}.Ad-Hoc|x86.ActiveCfg = Release|Any CPU
		{E29E6BBA-B18F-43BF-BBCE-022E8F24850E}.Ad-Hoc|x86.Build.0 = Release|Any CPU
		{E29E6BBA-B18F-43BF-BBCE-022E8F24850E}.Ad-Hoc|x86.Deploy.0 = Release|Any CPU
		{E29E6BBA-B18F-43BF-BBCE-022E8F24850E}.AppStore|Any CPU.ActiveCfg = Release|Any CPU
		{E29E6BBA-B18F-43BF-BBCE-022E8F24850E}.AppStore|Any CPU.Build.0 = Release|Any CPU
		{E29E6BBA-B18F-43BF-BBCE-022E8F24850E}.AppStore|Any CPU.Deploy.0 = Release|Any CPU
		{E29E6BBA-B18F-43BF-BBCE-022E8F24850E}.AppStore|ARM.ActiveCfg = Release|Any CPU
		{E29E6BBA-B18F-43BF-BBCE-022E8F24850E}.AppStore|ARM.Build.0 = Release|Any CPU
		{E29E6BBA-B18F-43BF-BBCE-022E8F24850E}.AppStore|ARM.Deploy.0 = Release|Any CPU
		{E29E6BBA-B18F-43BF-BBCE-022E8F24850E}.AppStore|iPhone.ActiveCfg = Release|Any CPU
		{E29E6BBA-B18F-43BF-BBCE-022E8F24850E}.AppStore|iPhone.Build.0 = Release|Any CPU
		{E29E6BBA-B18F-43BF-BBCE-022E8F24850E}.AppStore|iPhone.Deploy.0 = Release|Any CPU
		{E29E6BBA-B18F-43BF-BBCE-022E8F24850E}.AppStore|iPhoneSimulator.ActiveCfg = Release|Any CPU
		{E29E6BBA-B18F-43BF-BBCE-022E8F24850E}.AppStore|iPhoneSimulator.Build.0 = Release|Any CPU
		{E29E6BBA-B18F-43BF-BBCE-022E8F24850E}.AppStore|iPhoneSimulator.Deploy.0 = Release|Any CPU
		{E29E6BBA-B18F-43BF-BBCE-022E8F24850E}.AppStore|x64.ActiveCfg = Release|Any CPU
		{E29E6BBA-B18F-43BF-BBCE-022E8F24850E}.AppStore|x64.Build.0 = Release|Any CPU
		{E29E6BBA-B18F-43BF-BBCE-022E8F24850E}.AppStore|x64.Deploy.0 = Release|Any CPU
		{E29E6BBA-B18F-43BF-BBCE-022E8F24850E}.AppStore|x86.ActiveCfg = Release|Any CPU
		{E29E6BBA-B18F-43BF-BBCE-022E8F24850E}.AppStore|x86.Build.0 = Release|Any CPU
		{E29E6BBA-B18F-43BF-BBCE-022E8F24850E}.AppStore|x86.Deploy.0 = Release|Any CPU
		{E29E6BBA-B18F-43BF-BBCE-022E8F24850E}.Debug|Any CPU.ActiveCfg = Debug|Any CPU
		{E29E6BBA-B18F-43BF-BBCE-022E8F24850E}.Debug|Any CPU.Build.0 = Debug|Any CPU
		{E29E6BBA-B18F-43BF-BBCE-022E8F24850E}.Debug|Any CPU.Deploy.0 = Debug|Any CPU
		{E29E6BBA-B18F-43BF-BBCE-022E8F24850E}.Debug|ARM.ActiveCfg = Debug|Any CPU
		{E29E6BBA-B18F-43BF-BBCE-022E8F24850E}.Debug|ARM.Build.0 = Debug|Any CPU
		{E29E6BBA-B18F-43BF-BBCE-022E8F24850E}.Debug|ARM.Deploy.0 = Debug|Any CPU
		{E29E6BBA-B18F-43BF-BBCE-022E8F24850E}.Debug|iPhone.ActiveCfg = Debug|Any CPU
		{E29E6BBA-B18F-43BF-BBCE-022E8F24850E}.Debug|iPhone.Build.0 = Debug|Any CPU
		{E29E6BBA-B18F-43BF-BBCE-022E8F24850E}.Debug|iPhone.Deploy.0 = Debug|Any CPU
		{E29E6BBA-B18F-43BF-BBCE-022E8F24850E}.Debug|iPhoneSimulator.ActiveCfg = Debug|Any CPU
		{E29E6BBA-B18F-43BF-BBCE-022E8F24850E}.Debug|iPhoneSimulator.Build.0 = Debug|Any CPU
		{E29E6BBA-B18F-43BF-BBCE-022E8F24850E}.Debug|iPhoneSimulator.Deploy.0 = Debug|Any CPU
		{E29E6BBA-B18F-43BF-BBCE-022E8F24850E}.Debug|x64.ActiveCfg = Debug|Any CPU
		{E29E6BBA-B18F-43BF-BBCE-022E8F24850E}.Debug|x64.Build.0 = Debug|Any CPU
		{E29E6BBA-B18F-43BF-BBCE-022E8F24850E}.Debug|x64.Deploy.0 = Debug|Any CPU
		{E29E6BBA-B18F-43BF-BBCE-022E8F24850E}.Debug|x86.ActiveCfg = Debug|Any CPU
		{E29E6BBA-B18F-43BF-BBCE-022E8F24850E}.Debug|x86.Build.0 = Debug|Any CPU
		{E29E6BBA-B18F-43BF-BBCE-022E8F24850E}.Debug|x86.Deploy.0 = Debug|Any CPU
		{E29E6BBA-B18F-43BF-BBCE-022E8F24850E}.Release|Any CPU.ActiveCfg = Release|Any CPU
		{E29E6BBA-B18F-43BF-BBCE-022E8F24850E}.Release|Any CPU.Build.0 = Release|Any CPU
		{E29E6BBA-B18F-43BF-BBCE-022E8F24850E}.Release|Any CPU.Deploy.0 = Release|Any CPU
		{E29E6BBA-B18F-43BF-BBCE-022E8F24850E}.Release|ARM.ActiveCfg = Release|Any CPU
		{E29E6BBA-B18F-43BF-BBCE-022E8F24850E}.Release|ARM.Build.0 = Release|Any CPU
		{E29E6BBA-B18F-43BF-BBCE-022E8F24850E}.Release|ARM.Deploy.0 = Release|Any CPU
		{E29E6BBA-B18F-43BF-BBCE-022E8F24850E}.Release|iPhone.ActiveCfg = Release|Any CPU
		{E29E6BBA-B18F-43BF-BBCE-022E8F24850E}.Release|iPhone.Build.0 = Release|Any CPU
		{E29E6BBA-B18F-43BF-BBCE-022E8F24850E}.Release|iPhone.Deploy.0 = Release|Any CPU
		{E29E6BBA-B18F-43BF-BBCE-022E8F24850E}.Release|iPhoneSimulator.ActiveCfg = Release|Any CPU
		{E29E6BBA-B18F-43BF-BBCE-022E8F24850E}.Release|iPhoneSimulator.Build.0 = Release|Any CPU
		{E29E6BBA-B18F-43BF-BBCE-022E8F24850E}.Release|iPhoneSimulator.Deploy.0 = Release|Any CPU
		{E29E6BBA-B18F-43BF-BBCE-022E8F24850E}.Release|x64.ActiveCfg = Release|Any CPU
		{E29E6BBA-B18F-43BF-BBCE-022E8F24850E}.Release|x64.Build.0 = Release|Any CPU
		{E29E6BBA-B18F-43BF-BBCE-022E8F24850E}.Release|x64.Deploy.0 = Release|Any CPU
		{E29E6BBA-B18F-43BF-BBCE-022E8F24850E}.Release|x86.ActiveCfg = Release|Any CPU
		{E29E6BBA-B18F-43BF-BBCE-022E8F24850E}.Release|x86.Build.0 = Release|Any CPU
		{E29E6BBA-B18F-43BF-BBCE-022E8F24850E}.Release|x86.Deploy.0 = Release|Any CPU
		{0C6CAF44-DD42-4C39-9759-34C9E6E76519}.Ad-Hoc|Any CPU.ActiveCfg = Ad-Hoc|iPhone
		{0C6CAF44-DD42-4C39-9759-34C9E6E76519}.Ad-Hoc|Any CPU.Build.0 = Ad-Hoc|iPhone
		{0C6CAF44-DD42-4C39-9759-34C9E6E76519}.Ad-Hoc|Any CPU.Deploy.0 = Ad-Hoc|iPhone
		{0C6CAF44-DD42-4C39-9759-34C9E6E76519}.Ad-Hoc|ARM.ActiveCfg = Ad-Hoc|iPhone
		{0C6CAF44-DD42-4C39-9759-34C9E6E76519}.Ad-Hoc|ARM.Build.0 = Ad-Hoc|iPhone
		{0C6CAF44-DD42-4C39-9759-34C9E6E76519}.Ad-Hoc|ARM.Deploy.0 = Ad-Hoc|iPhone
		{0C6CAF44-DD42-4C39-9759-34C9E6E76519}.Ad-Hoc|iPhone.ActiveCfg = Ad-Hoc|iPhone
		{0C6CAF44-DD42-4C39-9759-34C9E6E76519}.Ad-Hoc|iPhone.Build.0 = Ad-Hoc|iPhone
		{0C6CAF44-DD42-4C39-9759-34C9E6E76519}.Ad-Hoc|iPhone.Deploy.0 = Ad-Hoc|iPhone
		{0C6CAF44-DD42-4C39-9759-34C9E6E76519}.Ad-Hoc|iPhoneSimulator.ActiveCfg = Ad-Hoc|iPhoneSimulator
		{0C6CAF44-DD42-4C39-9759-34C9E6E76519}.Ad-Hoc|iPhoneSimulator.Build.0 = Ad-Hoc|iPhoneSimulator
		{0C6CAF44-DD42-4C39-9759-34C9E6E76519}.Ad-Hoc|iPhoneSimulator.Deploy.0 = Ad-Hoc|iPhoneSimulator
		{0C6CAF44-DD42-4C39-9759-34C9E6E76519}.Ad-Hoc|x64.ActiveCfg = Ad-Hoc|iPhone
		{0C6CAF44-DD42-4C39-9759-34C9E6E76519}.Ad-Hoc|x64.Build.0 = Ad-Hoc|iPhone
		{0C6CAF44-DD42-4C39-9759-34C9E6E76519}.Ad-Hoc|x64.Deploy.0 = Ad-Hoc|iPhone
		{0C6CAF44-DD42-4C39-9759-34C9E6E76519}.Ad-Hoc|x86.ActiveCfg = Ad-Hoc|iPhone
		{0C6CAF44-DD42-4C39-9759-34C9E6E76519}.Ad-Hoc|x86.Build.0 = Ad-Hoc|iPhone
		{0C6CAF44-DD42-4C39-9759-34C9E6E76519}.Ad-Hoc|x86.Deploy.0 = Ad-Hoc|iPhone
		{0C6CAF44-DD42-4C39-9759-34C9E6E76519}.AppStore|Any CPU.ActiveCfg = AppStore|iPhone
		{0C6CAF44-DD42-4C39-9759-34C9E6E76519}.AppStore|Any CPU.Build.0 = AppStore|iPhone
		{0C6CAF44-DD42-4C39-9759-34C9E6E76519}.AppStore|Any CPU.Deploy.0 = AppStore|iPhone
		{0C6CAF44-DD42-4C39-9759-34C9E6E76519}.AppStore|ARM.ActiveCfg = AppStore|iPhone
		{0C6CAF44-DD42-4C39-9759-34C9E6E76519}.AppStore|ARM.Build.0 = AppStore|iPhone
		{0C6CAF44-DD42-4C39-9759-34C9E6E76519}.AppStore|ARM.Deploy.0 = AppStore|iPhone
		{0C6CAF44-DD42-4C39-9759-34C9E6E76519}.AppStore|iPhone.ActiveCfg = AppStore|iPhone
		{0C6CAF44-DD42-4C39-9759-34C9E6E76519}.AppStore|iPhone.Build.0 = AppStore|iPhone
		{0C6CAF44-DD42-4C39-9759-34C9E6E76519}.AppStore|iPhone.Deploy.0 = AppStore|iPhone
		{0C6CAF44-DD42-4C39-9759-34C9E6E76519}.AppStore|iPhoneSimulator.ActiveCfg = AppStore|iPhoneSimulator
		{0C6CAF44-DD42-4C39-9759-34C9E6E76519}.AppStore|iPhoneSimulator.Build.0 = AppStore|iPhoneSimulator
		{0C6CAF44-DD42-4C39-9759-34C9E6E76519}.AppStore|iPhoneSimulator.Deploy.0 = AppStore|iPhoneSimulator
		{0C6CAF44-DD42-4C39-9759-34C9E6E76519}.AppStore|x64.ActiveCfg = AppStore|iPhone
		{0C6CAF44-DD42-4C39-9759-34C9E6E76519}.AppStore|x64.Build.0 = AppStore|iPhone
		{0C6CAF44-DD42-4C39-9759-34C9E6E76519}.AppStore|x64.Deploy.0 = AppStore|iPhone
		{0C6CAF44-DD42-4C39-9759-34C9E6E76519}.AppStore|x86.ActiveCfg = AppStore|iPhone
		{0C6CAF44-DD42-4C39-9759-34C9E6E76519}.AppStore|x86.Build.0 = AppStore|iPhone
		{0C6CAF44-DD42-4C39-9759-34C9E6E76519}.AppStore|x86.Deploy.0 = AppStore|iPhone
		{0C6CAF44-DD42-4C39-9759-34C9E6E76519}.Debug|Any CPU.ActiveCfg = Debug|iPhoneSimulator
		{0C6CAF44-DD42-4C39-9759-34C9E6E76519}.Debug|Any CPU.Build.0 = Debug|iPhoneSimulator
		{0C6CAF44-DD42-4C39-9759-34C9E6E76519}.Debug|Any CPU.Deploy.0 = Debug|iPhoneSimulator
		{0C6CAF44-DD42-4C39-9759-34C9E6E76519}.Debug|ARM.ActiveCfg = Debug|iPhone
		{0C6CAF44-DD42-4C39-9759-34C9E6E76519}.Debug|ARM.Build.0 = Debug|iPhone
		{0C6CAF44-DD42-4C39-9759-34C9E6E76519}.Debug|ARM.Deploy.0 = Debug|iPhone
		{0C6CAF44-DD42-4C39-9759-34C9E6E76519}.Debug|iPhone.ActiveCfg = Debug|iPhone
		{0C6CAF44-DD42-4C39-9759-34C9E6E76519}.Debug|iPhone.Build.0 = Debug|iPhone
		{0C6CAF44-DD42-4C39-9759-34C9E6E76519}.Debug|iPhone.Deploy.0 = Debug|iPhone
		{0C6CAF44-DD42-4C39-9759-34C9E6E76519}.Debug|iPhoneSimulator.ActiveCfg = Debug|iPhoneSimulator
		{0C6CAF44-DD42-4C39-9759-34C9E6E76519}.Debug|iPhoneSimulator.Build.0 = Debug|iPhoneSimulator
		{0C6CAF44-DD42-4C39-9759-34C9E6E76519}.Debug|iPhoneSimulator.Deploy.0 = Debug|iPhoneSimulator
		{0C6CAF44-DD42-4C39-9759-34C9E6E76519}.Debug|x64.ActiveCfg = Debug|iPhone
		{0C6CAF44-DD42-4C39-9759-34C9E6E76519}.Debug|x64.Build.0 = Debug|iPhone
		{0C6CAF44-DD42-4C39-9759-34C9E6E76519}.Debug|x64.Deploy.0 = Debug|iPhone
		{0C6CAF44-DD42-4C39-9759-34C9E6E76519}.Debug|x86.ActiveCfg = Debug|iPhone
		{0C6CAF44-DD42-4C39-9759-34C9E6E76519}.Debug|x86.Build.0 = Debug|iPhone
		{0C6CAF44-DD42-4C39-9759-34C9E6E76519}.Debug|x86.Deploy.0 = Debug|iPhone
		{0C6CAF44-DD42-4C39-9759-34C9E6E76519}.Release|Any CPU.ActiveCfg = Release|iPhone
		{0C6CAF44-DD42-4C39-9759-34C9E6E76519}.Release|Any CPU.Build.0 = Release|iPhone
		{0C6CAF44-DD42-4C39-9759-34C9E6E76519}.Release|Any CPU.Deploy.0 = Release|iPhone
		{0C6CAF44-DD42-4C39-9759-34C9E6E76519}.Release|ARM.ActiveCfg = Release|iPhone
		{0C6CAF44-DD42-4C39-9759-34C9E6E76519}.Release|ARM.Build.0 = Release|iPhone
		{0C6CAF44-DD42-4C39-9759-34C9E6E76519}.Release|ARM.Deploy.0 = Release|iPhone
		{0C6CAF44-DD42-4C39-9759-34C9E6E76519}.Release|iPhone.ActiveCfg = Release|iPhone
		{0C6CAF44-DD42-4C39-9759-34C9E6E76519}.Release|iPhone.Build.0 = Release|iPhone
		{0C6CAF44-DD42-4C39-9759-34C9E6E76519}.Release|iPhone.Deploy.0 = Release|iPhone
		{0C6CAF44-DD42-4C39-9759-34C9E6E76519}.Release|iPhoneSimulator.ActiveCfg = Release|iPhoneSimulator
		{0C6CAF44-DD42-4C39-9759-34C9E6E76519}.Release|iPhoneSimulator.Build.0 = Release|iPhoneSimulator
		{0C6CAF44-DD42-4C39-9759-34C9E6E76519}.Release|iPhoneSimulator.Deploy.0 = Release|iPhoneSimulator
		{0C6CAF44-DD42-4C39-9759-34C9E6E76519}.Release|x64.ActiveCfg = Release|iPhone
		{0C6CAF44-DD42-4C39-9759-34C9E6E76519}.Release|x64.Build.0 = Release|iPhone
		{0C6CAF44-DD42-4C39-9759-34C9E6E76519}.Release|x64.Deploy.0 = Release|iPhone
		{0C6CAF44-DD42-4C39-9759-34C9E6E76519}.Release|x86.ActiveCfg = Release|iPhone
		{0C6CAF44-DD42-4C39-9759-34C9E6E76519}.Release|x86.Build.0 = Release|iPhone
		{0C6CAF44-DD42-4C39-9759-34C9E6E76519}.Release|x86.Deploy.0 = Release|iPhone
		{71E84C53-0C24-4358-8115-E3C67728F318}.Ad-Hoc|Any CPU.ActiveCfg = Release|x86
		{71E84C53-0C24-4358-8115-E3C67728F318}.Ad-Hoc|Any CPU.Build.0 = Release|x86
		{71E84C53-0C24-4358-8115-E3C67728F318}.Ad-Hoc|Any CPU.Deploy.0 = Release|x86
		{71E84C53-0C24-4358-8115-E3C67728F318}.Ad-Hoc|ARM.ActiveCfg = Release|ARM
		{71E84C53-0C24-4358-8115-E3C67728F318}.Ad-Hoc|ARM.Build.0 = Release|ARM
		{71E84C53-0C24-4358-8115-E3C67728F318}.Ad-Hoc|ARM.Deploy.0 = Release|ARM
		{71E84C53-0C24-4358-8115-E3C67728F318}.Ad-Hoc|iPhone.ActiveCfg = Release|x86
		{71E84C53-0C24-4358-8115-E3C67728F318}.Ad-Hoc|iPhone.Build.0 = Release|x86
		{71E84C53-0C24-4358-8115-E3C67728F318}.Ad-Hoc|iPhone.Deploy.0 = Release|x86
		{71E84C53-0C24-4358-8115-E3C67728F318}.Ad-Hoc|iPhoneSimulator.ActiveCfg = Release|x86
		{71E84C53-0C24-4358-8115-E3C67728F318}.Ad-Hoc|iPhoneSimulator.Build.0 = Release|x86
		{71E84C53-0C24-4358-8115-E3C67728F318}.Ad-Hoc|iPhoneSimulator.Deploy.0 = Release|x86
		{71E84C53-0C24-4358-8115-E3C67728F318}.Ad-Hoc|x64.ActiveCfg = Release|x64
		{71E84C53-0C24-4358-8115-E3C67728F318}.Ad-Hoc|x64.Build.0 = Release|x64
		{71E84C53-0C24-4358-8115-E3C67728F318}.Ad-Hoc|x64.Deploy.0 = Release|x64
		{71E84C53-0C24-4358-8115-E3C67728F318}.Ad-Hoc|x86.ActiveCfg = Release|x86
		{71E84C53-0C24-4358-8115-E3C67728F318}.Ad-Hoc|x86.Build.0 = Release|x86
		{71E84C53-0C24-4358-8115-E3C67728F318}.Ad-Hoc|x86.Deploy.0 = Release|x86
		{71E84C53-0C24-4358-8115-E3C67728F318}.AppStore|Any CPU.ActiveCfg = Release|x86
		{71E84C53-0C24-4358-8115-E3C67728F318}.AppStore|Any CPU.Build.0 = Release|x86
		{71E84C53-0C24-4358-8115-E3C67728F318}.AppStore|Any CPU.Deploy.0 = Release|x86
		{71E84C53-0C24-4358-8115-E3C67728F318}.AppStore|ARM.ActiveCfg = Release|ARM
		{71E84C53-0C24-4358-8115-E3C67728F318}.AppStore|ARM.Build.0 = Release|ARM
		{71E84C53-0C24-4358-8115-E3C67728F318}.AppStore|ARM.Deploy.0 = Release|ARM
		{71E84C53-0C24-4358-8115-E3C67728F318}.AppStore|iPhone.ActiveCfg = Release|x86
		{71E84C53-0C24-4358-8115-E3C67728F318}.AppStore|iPhone.Build.0 = Release|x86
		{71E84C53-0C24-4358-8115-E3C67728F318}.AppStore|iPhone.Deploy.0 = Release|x86
		{71E84C53-0C24-4358-8115-E3C67728F318}.AppStore|iPhoneSimulator.ActiveCfg = Release|x86
		{71E84C53-0C24-4358-8115-E3C67728F318}.AppStore|iPhoneSimulator.Build.0 = Release|x86
		{71E84C53-0C24-4358-8115-E3C67728F318}.AppStore|iPhoneSimulator.Deploy.0 = Release|x86
		{71E84C53-0C24-4358-8115-E3C67728F318}.AppStore|x64.ActiveCfg = Release|x64
		{71E84C53-0C24-4358-8115-E3C67728F318}.AppStore|x64.Build.0 = Release|x64
		{71E84C53-0C24-4358-8115-E3C67728F318}.AppStore|x64.Deploy.0 = Release|x64
		{71E84C53-0C24-4358-8115-E3C67728F318}.AppStore|x86.ActiveCfg = Release|x86
		{71E84C53-0C24-4358-8115-E3C67728F318}.AppStore|x86.Build.0 = Release|x86
		{71E84C53-0C24-4358-8115-E3C67728F318}.AppStore|x86.Deploy.0 = Release|x86
		{71E84C53-0C24-4358-8115-E3C67728F318}.Debug|Any CPU.ActiveCfg = Debug|x86
		{71E84C53-0C24-4358-8115-E3C67728F318}.Debug|Any CPU.Build.0 = Debug|x86
		{71E84C53-0C24-4358-8115-E3C67728F318}.Debug|Any CPU.Deploy.0 = Debug|x86
		{71E84C53-0C24-4358-8115-E3C67728F318}.Debug|ARM.ActiveCfg = Debug|ARM
		{71E84C53-0C24-4358-8115-E3C67728F318}.Debug|ARM.Build.0 = Debug|ARM
		{71E84C53-0C24-4358-8115-E3C67728F318}.Debug|ARM.Deploy.0 = Debug|ARM
		{71E84C53-0C24-4358-8115-E3C67728F318}.Debug|iPhone.ActiveCfg = Debug|x86
		{71E84C53-0C24-4358-8115-E3C67728F318}.Debug|iPhone.Build.0 = Debug|x86
		{71E84C53-0C24-4358-8115-E3C67728F318}.Debug|iPhone.Deploy.0 = Debug|x86
		{71E84C53-0C24-4358-8115-E3C67728F318}.Debug|iPhoneSimulator.ActiveCfg = Debug|x86
		{71E84C53-0C24-4358-8115-E3C67728F318}.Debug|iPhoneSimulator.Build.0 = Debug|x86
		{71E84C53-0C24-4358-8115-E3C67728F318}.Debug|iPhoneSimulator.Deploy.0 = Debug|x86
		{71E84C53-0C24-4358-8115-E3C67728F318}.Debug|x64.ActiveCfg = Debug|x64
		{71E84C53-0C24-4358-8115-E3C67728F318}.Debug|x64.Build.0 = Debug|x64
		{71E84C53-0C24-4358-8115-E3C67728F318}.Debug|x64.Deploy.0 = Debug|x64
		{71E84C53-0C24-4358-8115-E3C67728F318}.Debug|x86.ActiveCfg = Debug|x86
		{71E84C53-0C24-4358-8115-E3C67728F318}.Debug|x86.Build.0 = Debug|x86
		{71E84C53-0C24-4358-8115-E3C67728F318}.Debug|x86.Deploy.0 = Debug|x86
		{71E84C53-0C24-4358-8115-E3C67728F318}.Release|Any CPU.ActiveCfg = Release|x86
		{71E84C53-0C24-4358-8115-E3C67728F318}.Release|Any CPU.Build.0 = Release|x86
		{71E84C53-0C24-4358-8115-E3C67728F318}.Release|Any CPU.Deploy.0 = Release|x86
		{71E84C53-0C24-4358-8115-E3C67728F318}.Release|ARM.ActiveCfg = Release|ARM
		{71E84C53-0C24-4358-8115-E3C67728F318}.Release|ARM.Build.0 = Release|ARM
		{71E84C53-0C24-4358-8115-E3C67728F318}.Release|ARM.Deploy.0 = Release|ARM
		{71E84C53-0C24-4358-8115-E3C67728F318}.Release|iPhone.ActiveCfg = Release|x86
		{71E84C53-0C24-4358-8115-E3C67728F318}.Release|iPhone.Build.0 = Release|x86
		{71E84C53-0C24-4358-8115-E3C67728F318}.Release|iPhone.Deploy.0 = Release|x86
		{71E84C53-0C24-4358-8115-E3C67728F318}.Release|iPhoneSimulator.ActiveCfg = Release|x86
		{71E84C53-0C24-4358-8115-E3C67728F318}.Release|iPhoneSimulator.Build.0 = Release|x86
		{71E84C53-0C24-4358-8115-E3C67728F318}.Release|iPhoneSimulator.Deploy.0 = Release|x86
		{71E84C53-0C24-4358-8115-E3C67728F318}.Release|x64.ActiveCfg = Release|x64
		{71E84C53-0C24-4358-8115-E3C67728F318}.Release|x64.Build.0 = Release|x64
		{71E84C53-0C24-4358-8115-E3C67728F318}.Release|x64.Deploy.0 = Release|x64
		{71E84C53-0C24-4358-8115-E3C67728F318}.Release|x86.ActiveCfg = Release|x86
		{71E84C53-0C24-4358-8115-E3C67728F318}.Release|x86.Build.0 = Release|x86
		{71E84C53-0C24-4358-8115-E3C67728F318}.Release|x86.Deploy.0 = Release|x86
		{C34A5A02-314E-4427-BEDC-CC08F51FE3DD}.Ad-Hoc|Any CPU.ActiveCfg = Debug|Any CPU
		{C34A5A02-314E-4427-BEDC-CC08F51FE3DD}.Ad-Hoc|Any CPU.Build.0 = Debug|Any CPU
		{C34A5A02-314E-4427-BEDC-CC08F51FE3DD}.Ad-Hoc|Any CPU.Deploy.0 = Debug|Any CPU
		{C34A5A02-314E-4427-BEDC-CC08F51FE3DD}.Ad-Hoc|ARM.ActiveCfg = Debug|Any CPU
		{C34A5A02-314E-4427-BEDC-CC08F51FE3DD}.Ad-Hoc|ARM.Build.0 = Debug|Any CPU
		{C34A5A02-314E-4427-BEDC-CC08F51FE3DD}.Ad-Hoc|ARM.Deploy.0 = Debug|Any CPU
		{C34A5A02-314E-4427-BEDC-CC08F51FE3DD}.Ad-Hoc|iPhone.ActiveCfg = Debug|Any CPU
		{C34A5A02-314E-4427-BEDC-CC08F51FE3DD}.Ad-Hoc|iPhone.Build.0 = Debug|Any CPU
		{C34A5A02-314E-4427-BEDC-CC08F51FE3DD}.Ad-Hoc|iPhone.Deploy.0 = Debug|Any CPU
		{C34A5A02-314E-4427-BEDC-CC08F51FE3DD}.Ad-Hoc|iPhoneSimulator.ActiveCfg = Debug|Any CPU
		{C34A5A02-314E-4427-BEDC-CC08F51FE3DD}.Ad-Hoc|iPhoneSimulator.Build.0 = Debug|Any CPU
		{C34A5A02-314E-4427-BEDC-CC08F51FE3DD}.Ad-Hoc|iPhoneSimulator.Deploy.0 = Debug|Any CPU
		{C34A5A02-314E-4427-BEDC-CC08F51FE3DD}.Ad-Hoc|x64.ActiveCfg = Debug|Any CPU
		{C34A5A02-314E-4427-BEDC-CC08F51FE3DD}.Ad-Hoc|x64.Build.0 = Debug|Any CPU
		{C34A5A02-314E-4427-BEDC-CC08F51FE3DD}.Ad-Hoc|x64.Deploy.0 = Debug|Any CPU
		{C34A5A02-314E-4427-BEDC-CC08F51FE3DD}.Ad-Hoc|x86.ActiveCfg = Debug|Any CPU
		{C34A5A02-314E-4427-BEDC-CC08F51FE3DD}.Ad-Hoc|x86.Build.0 = Debug|Any CPU
		{C34A5A02-314E-4427-BEDC-CC08F51FE3DD}.Ad-Hoc|x86.Deploy.0 = Debug|Any CPU
		{C34A5A02-314E-4427-BEDC-CC08F51FE3DD}.AppStore|Any CPU.ActiveCfg = Debug|Any CPU
		{C34A5A02-314E-4427-BEDC-CC08F51FE3DD}.AppStore|Any CPU.Build.0 = Debug|Any CPU
		{C34A5A02-314E-4427-BEDC-CC08F51FE3DD}.AppStore|Any CPU.Deploy.0 = Debug|Any CPU
		{C34A5A02-314E-4427-BEDC-CC08F51FE3DD}.AppStore|ARM.ActiveCfg = Debug|Any CPU
		{C34A5A02-314E-4427-BEDC-CC08F51FE3DD}.AppStore|ARM.Build.0 = Debug|Any CPU
		{C34A5A02-314E-4427-BEDC-CC08F51FE3DD}.AppStore|ARM.Deploy.0 = Debug|Any CPU
		{C34A5A02-314E-4427-BEDC-CC08F51FE3DD}.AppStore|iPhone.ActiveCfg = Debug|Any CPU
		{C34A5A02-314E-4427-BEDC-CC08F51FE3DD}.AppStore|iPhone.Build.0 = Debug|Any CPU
		{C34A5A02-314E-4427-BEDC-CC08F51FE3DD}.AppStore|iPhone.Deploy.0 = Debug|Any CPU
		{C34A5A02-314E-4427-BEDC-CC08F51FE3DD}.AppStore|iPhoneSimulator.ActiveCfg = Debug|Any CPU
		{C34A5A02-314E-4427-BEDC-CC08F51FE3DD}.AppStore|iPhoneSimulator.Build.0 = Debug|Any CPU
		{C34A5A02-314E-4427-BEDC-CC08F51FE3DD}.AppStore|iPhoneSimulator.Deploy.0 = Debug|Any CPU
		{C34A5A02-314E-4427-BEDC-CC08F51FE3DD}.AppStore|x64.ActiveCfg = Debug|Any CPU
		{C34A5A02-314E-4427-BEDC-CC08F51FE3DD}.AppStore|x64.Build.0 = Debug|Any CPU
		{C34A5A02-314E-4427-BEDC-CC08F51FE3DD}.AppStore|x64.Deploy.0 = Debug|Any CPU
		{C34A5A02-314E-4427-BEDC-CC08F51FE3DD}.AppStore|x86.ActiveCfg = Debug|Any CPU
		{C34A5A02-314E-4427-BEDC-CC08F51FE3DD}.AppStore|x86.Build.0 = Debug|Any CPU
		{C34A5A02-314E-4427-BEDC-CC08F51FE3DD}.AppStore|x86.Deploy.0 = Debug|Any CPU
		{C34A5A02-314E-4427-BEDC-CC08F51FE3DD}.Debug|Any CPU.ActiveCfg = Debug|Any CPU
		{C34A5A02-314E-4427-BEDC-CC08F51FE3DD}.Debug|Any CPU.Build.0 = Debug|Any CPU
		{C34A5A02-314E-4427-BEDC-CC08F51FE3DD}.Debug|Any CPU.Deploy.0 = Debug|Any CPU
		{C34A5A02-314E-4427-BEDC-CC08F51FE3DD}.Debug|ARM.ActiveCfg = Debug|Any CPU
		{C34A5A02-314E-4427-BEDC-CC08F51FE3DD}.Debug|ARM.Build.0 = Debug|Any CPU
		{C34A5A02-314E-4427-BEDC-CC08F51FE3DD}.Debug|ARM.Deploy.0 = Debug|Any CPU
		{C34A5A02-314E-4427-BEDC-CC08F51FE3DD}.Debug|iPhone.ActiveCfg = Debug|Any CPU
		{C34A5A02-314E-4427-BEDC-CC08F51FE3DD}.Debug|iPhone.Build.0 = Debug|Any CPU
		{C34A5A02-314E-4427-BEDC-CC08F51FE3DD}.Debug|iPhone.Deploy.0 = Debug|Any CPU
		{C34A5A02-314E-4427-BEDC-CC08F51FE3DD}.Debug|iPhoneSimulator.ActiveCfg = Debug|Any CPU
		{C34A5A02-314E-4427-BEDC-CC08F51FE3DD}.Debug|iPhoneSimulator.Build.0 = Debug|Any CPU
		{C34A5A02-314E-4427-BEDC-CC08F51FE3DD}.Debug|iPhoneSimulator.Deploy.0 = Debug|Any CPU
		{C34A5A02-314E-4427-BEDC-CC08F51FE3DD}.Debug|x64.ActiveCfg = Debug|Any CPU
		{C34A5A02-314E-4427-BEDC-CC08F51FE3DD}.Debug|x64.Build.0 = Debug|Any CPU
		{C34A5A02-314E-4427-BEDC-CC08F51FE3DD}.Debug|x64.Deploy.0 = Debug|Any CPU
		{C34A5A02-314E-4427-BEDC-CC08F51FE3DD}.Debug|x86.ActiveCfg = Debug|Any CPU
		{C34A5A02-314E-4427-BEDC-CC08F51FE3DD}.Debug|x86.Build.0 = Debug|Any CPU
		{C34A5A02-314E-4427-BEDC-CC08F51FE3DD}.Debug|x86.Deploy.0 = Debug|Any CPU
		{C34A5A02-314E-4427-BEDC-CC08F51FE3DD}.Release|Any CPU.ActiveCfg = Release|Any CPU
		{C34A5A02-314E-4427-BEDC-CC08F51FE3DD}.Release|Any CPU.Build.0 = Release|Any CPU
		{C34A5A02-314E-4427-BEDC-CC08F51FE3DD}.Release|Any CPU.Deploy.0 = Release|Any CPU
		{C34A5A02-314E-4427-BEDC-CC08F51FE3DD}.Release|ARM.ActiveCfg = Release|Any CPU
		{C34A5A02-314E-4427-BEDC-CC08F51FE3DD}.Release|ARM.Build.0 = Release|Any CPU
		{C34A5A02-314E-4427-BEDC-CC08F51FE3DD}.Release|ARM.Deploy.0 = Release|Any CPU
		{C34A5A02-314E-4427-BEDC-CC08F51FE3DD}.Release|iPhone.ActiveCfg = Release|Any CPU
		{C34A5A02-314E-4427-BEDC-CC08F51FE3DD}.Release|iPhone.Build.0 = Release|Any CPU
		{C34A5A02-314E-4427-BEDC-CC08F51FE3DD}.Release|iPhone.Deploy.0 = Release|Any CPU
		{C34A5A02-314E-4427-BEDC-CC08F51FE3DD}.Release|iPhoneSimulator.ActiveCfg = Release|Any CPU
		{C34A5A02-314E-4427-BEDC-CC08F51FE3DD}.Release|iPhoneSimulator.Build.0 = Release|Any CPU
		{C34A5A02-314E-4427-BEDC-CC08F51FE3DD}.Release|iPhoneSimulator.Deploy.0 = Release|Any CPU
		{C34A5A02-314E-4427-BEDC-CC08F51FE3DD}.Release|x64.ActiveCfg = Release|Any CPU
		{C34A5A02-314E-4427-BEDC-CC08F51FE3DD}.Release|x64.Build.0 = Release|Any CPU
		{C34A5A02-314E-4427-BEDC-CC08F51FE3DD}.Release|x64.Deploy.0 = Release|Any CPU
		{C34A5A02-314E-4427-BEDC-CC08F51FE3DD}.Release|x86.ActiveCfg = Release|Any CPU
		{C34A5A02-314E-4427-BEDC-CC08F51FE3DD}.Release|x86.Build.0 = Release|Any CPU
		{C34A5A02-314E-4427-BEDC-CC08F51FE3DD}.Release|x86.Deploy.0 = Release|Any CPU
	EndGlobalSection
	GlobalSection(SolutionProperties) = preSolution
		HideSolutionNode = FALSE
	EndGlobalSection
	GlobalSection(ExtensibilityGlobals) = postSolution
		SolutionGuid = {E23B5397-53C2-4353-861B-EEDA27155EAB}
	EndGlobalSection
EndGlobal
